
Microsoft Visual Studio Solution File, Format Version 12.00
# Visual Studio Version 16
VisualStudioVersion = 25.0.1704.3
MinimumVisualStudioVersion = 10.0.40219.1
Project("{FAE04EC0-301F-11D3-BF4B-00C04F79EFBC}") = "Week14OOP", "Week14OOP\Week14OOP.csproj", "{D714ABC1-3503-4F8A-B8FB-4BDCD67A086F}"
EndProject
Global
	GlobalSection(SolutionConfigurationPlatforms) = preSolution
		Debug|Any CPU = Debug|Any CPU
		Release|Any CPU = Release|Any CPU
	EndGlobalSection
	GlobalSection(ProjectConfigurationPlatforms) = postSolution
		{D714ABC1-3503-4F8A-B8FB-4BDCD67A086F}.Debug|Any CPU.ActiveCfg = Debug|Any CPU
		{D714ABC1-3503-4F8A-B8FB-4BDCD67A086F}.Debug|Any CPU.Build.0 = Debug|Any CPU
		{D714ABC1-3503-4F8A-B8FB-4BDCD67A086F}.Release|Any CPU.ActiveCfg = Release|Any CPU
		{D714ABC1-3503-4F8A-B8FB-4BDCD67A086F}.Release|Any CPU.Build.0 = Release|Any CPU
	EndGlobalSection
	GlobalSection(SolutionProperties) = preSolution
		HideSolutionNode = FALSE
	EndGlobalSection
	GlobalSection(ExtensibilityGlobals) = postSolution
		SolutionGuid = {949ECCA0-9FA3-47F8-89E7-45FDD04797C7}
	EndGlobalSection
EndGlobal
